// !$*UTF8*$!
{
	archiveVersion = 1;
	classes = {
	};
	objectVersion = 46;
	objects = {

/* Begin PBXBuildFile section */
		DCBEB17E1B78CC81009CAB73 /* AppDelegate.swift in Sources */ = {isa = PBXBuildFile; fileRef = DCBEB17D1B78CC81009CAB73 /* AppDelegate.swift */; };
		DCBEB1801B78CC81009CAB73 /* ViewController.swift in Sources */ = {isa = PBXBuildFile; fileRef = DCBEB17F1B78CC81009CAB73 /* ViewController.swift */; };
		DCBEB1831B78CC81009CAB73 /* Main.storyboard in Resources */ = {isa = PBXBuildFile; fileRef = DCBEB1811B78CC81009CAB73 /* Main.storyboard */; };
		DCBEB1851B78CC81009CAB73 /* Images.xcassets in Resources */ = {isa = PBXBuildFile; fileRef = DCBEB1841B78CC81009CAB73 /* Images.xcassets */; };
		DCBEB1881B78CC81009CAB73 /* LaunchScreen.xib in Resources */ = {isa = PBXBuildFile; fileRef = DCBEB1861B78CC81009CAB73 /* LaunchScreen.xib */; };
		DCBEB1941B78CC82009CAB73 /* SwiftCustomTableViewTests.swift in Sources */ = {isa = PBXBuildFile; fileRef = DCBEB1931B78CC82009CAB73 /* SwiftCustomTableViewTests.swift */; };
/* End PBXBuildFile section */

/* Begin PBXContainerItemProxy section */
		DCBEB18E1B78CC82009CAB73 /* PBXContainerItemProxy */ = {
			isa = PBXContainerItemProxy;
			containerPortal = DCBEB1701B78CC81009CAB73 /* Project object */;
			proxyType = 1;
			remoteGlobalIDString = DCBEB1771B78CC81009CAB73;
			remoteInfo = SwiftCustomTableView;
		};
/* End PBXContainerItemProxy section */

/* Begin PBXFileReference section */
		DCBEB1781B78CC81009CAB73 /* SwiftCustomTableView.app */ = {isa = PBXFileReference; explicitFileType = wrapper.application; includeInIndex = 0; path = SwiftCustomTableView.app; sourceTree = BUILT_PRODUCTS_DIR; };
		DCBEB17C1B78CC81009CAB73 /* Info.plist */ = {isa = PBXFileReference; lastKnownFileType = text.plist.xml; path = Info.plist; sourceTree = "<group>"; };
		DCBEB17D1B78CC81009CAB73 /* AppDelegate.swift */ = {isa = PBXFileReference; lastKnownFileType = sourcecode.swift; path = AppDelegate.swift; sourceTree = "<group>"; };
		DCBEB17F1B78CC81009CAB73 /* ViewController.swift */ = {isa = PBXFileReference; lastKnownFileType = sourcecode.swift; path = ViewController.swift; sourceTree = "<group>"; };
		DCBEB1821B78CC81009CAB73 /* Base */ = {isa = PBXFileReference; lastKnownFileType = file.storyboard; name = Base; path = Base.lproj/Main.storyboard; sourceTree = "<group>"; };
		DCBEB1841B78CC81009CAB73 /* Images.xcassets */ = {isa = PBXFileReference; lastKnownFileType = folder.assetcatalog; path = Images.xcassets; sourceTree = "<group>"; };
		DCBEB1871B78CC81009CAB73 /* Base */ = {isa = PBXFileReference; lastKnownFileType = file.xib; name = Base; path = Base.lproj/LaunchScreen.xib; sourceTree = "<group>"; };
		DCBEB18D1B78CC82009CAB73 /* SwiftCustomTableViewTests.xctest */ = {isa = PBXFileReference; explicitFileType = wrapper.cfbundle; includeInIndex = 0; path = SwiftCustomTableViewTests.xctest; sourceTree = BUILT_PRODUCTS_DIR; };
		DCBEB1921B78CC82009CAB73 /* Info.plist */ = {isa = PBXFileReference; lastKnownFileType = text.plist.xml; path = Info.plist; sourceTree = "<group>"; };
		DCBEB1931B78CC82009CAB73 /* SwiftCustomTableViewTests.swift */ = {isa = PBXFileReference; lastKnownFileType = sourcecode.swift; path = SwiftCustomTableViewTests.swift; sourceTree = "<group>"; };
/* End PBXFileReference section */

/* Begin PBXFrameworksBuildPhase section */
		DCBEB1751B78CC81009CAB73 /* Frameworks */ = {
			isa = PBXFrameworksBuildPhase;
			buildActionMask = 2147483647;
			files = (
			);
			runOnlyForDeploymentPostprocessing = 0;
		};
		DCBEB18A1B78CC82009CAB73 /* Frameworks */ = {
			isa = PBXFrameworksBuildPhase;
			buildActionMask = 2147483647;
			files = (
			);
			runOnlyForDeploymentPostprocessing = 0;
		};
/* End PBXFrameworksBuildPhase section */

/* Begin PBXGroup section */
		DCBEB16F1B78CC81009CAB73 = {
			isa = PBXGroup;
			children = (
				DCBEB17A1B78CC81009CAB73 /* SwiftCustomTableView */,
				DCBEB1901B78CC82009CAB73 /* SwiftCustomTableViewTests */,
				DCBEB1791B78CC81009CAB73 /* Products */,
			);
			sourceTree = "<group>";
		};
		DCBEB1791B78CC81009CAB73 /* Products */ = {
			isa = PBXGroup;
			children = (
				DCBEB1781B78CC81009CAB73 /* SwiftCustomTableView.app */,
				DCBEB18D1B78CC82009CAB73 /* SwiftCustomTableViewTests.xctest */,
			);
			name = Products;
			sourceTree = "<group>";
		};
		DCBEB17A1B78CC81009CAB73 /* SwiftCustomTableView */ = {
			isa = PBXGroup;
			children = (
				DCBEB17D1B78CC81009CAB73 /* AppDelegate.swift */,
				DCBEB17F1B78CC81009CAB73 /* ViewController.swift */,
				DCBEB1811B78CC81009CAB73 /* Main.storyboard */,
				DCBEB1841B78CC81009CAB73 /* Images.xcassets */,
				DCBEB1861B78CC81009CAB73 /* LaunchScreen.xib */,
				DCBEB17B1B78CC81009CAB73 /* Supporting Files */,
			);
			path = SwiftCustomTableView;
			sourceTree = "<group>";
		};
		DCBEB17B1B78CC81009CAB73 /* Supporting Files */ = {
			isa = PBXGroup;
			children = (
				DCBEB17C1B78CC81009CAB73 /* Info.plist */,
			);
			name = "Supporting Files";
			sourceTree = "<group>";
		};
		DCBEB1901B78CC82009CAB73 /* SwiftCustomTableViewTests */ = {
			isa = PBXGroup;
			children = (
				DCBEB1931B78CC82009CAB73 /* SwiftCustomTableViewTests.swift */,
				DCBEB1911B78CC82009CAB73 /* Supporting Files */,
			);
			path = SwiftCustomTableViewTests;
			sourceTree = "<group>";
		};
		DCBEB1911B78CC82009CAB73 /* Supporting Files */ = {
			isa = PBXGroup;
			children = (
				DCBEB1921B78CC82009CAB73 /* Info.plist */,
			);
			name = "Supporting Files";
			sourceTree = "<group>";
		};
/* End PBXGroup section */

/* Begin PBXNativeTarget section */
		DCBEB1771B78CC81009CAB73 /* SwiftCustomTableView */ = {
			isa = PBXNativeTarget;
			buildConfigurationList = DCBEB1971B78CC82009CAB73 /* Build configuration list for PBXNativeTarget "SwiftCustomTableView" */;
			buildPhases = (
				DCBEB1741B78CC81009CAB73 /* Sources */,
				DCBEB1751B78CC81009CAB73 /* Frameworks */,
				DCBEB1761B78CC81009CAB73 /* Resources */,
			);
			buildRules = (
			);
			dependencies = (
			);
			name = SwiftCustomTableView;
			productName = SwiftCustomTableView;
			productReference = DCBEB1781B78CC81009CAB73 /* SwiftCustomTableView.app */;
			productType = "com.apple.product-type.application";
		};
		DCBEB18C1B78CC82009CAB73 /* SwiftCustomTableViewTests */ = {
			isa = PBXNativeTarget;
			buildConfigurationList = DCBEB19A1B78CC82009CAB73 /* Build configuration list for PBXNativeTarget "SwiftCustomTableViewTests" */;
			buildPhases = (
				DCBEB1891B78CC82009CAB73 /* Sources */,
				DCBEB18A1B78CC82009CAB73 /* Frameworks */,
				DCBEB18B1B78CC82009CAB73 /* Resources */,
			);
			buildRules = (
			);
			dependencies = (
				DCBEB18F1B78CC82009CAB73 /* PBXTargetDependency */,
			);
			name = SwiftCustomTableViewTests;
			productName = SwiftCustomTableViewTests;
			productReference = DCBEB18D1B78CC82009CAB73 /* SwiftCustomTableViewTests.xctest */;
			productType = "com.apple.product-type.bundle.unit-test";
		};
/* End PBXNativeTarget section */

/* Begin PBXProject section */
		DCBEB1701B78CC81009CAB73 /* Project object */ = {
			isa = PBXProject;
			attributes = {
				LastUpgradeCheck = 0640;
				ORGANIZATIONNAME = "赵鑫";
				TargetAttributes = {
					DCBEB1771B78CC81009CAB73 = {
						CreatedOnToolsVersion = 6.4;
					};
					DCBEB18C1B78CC82009CAB73 = {
						CreatedOnToolsVersion = 6.4;
						TestTargetID = DCBEB1771B78CC81009CAB73;
					};
				};
			};
			buildConfigurationList = DCBEB1731B78CC81009CAB73 /* Build configuration list for PBXProject "SwiftCustomTableView" */;
			compatibilityVersion = "Xcode 3.2";
			developmentRegion = English;
			hasScannedForEncodings = 0;
			knownRegions = (
				en,
				Base,
			);
			mainGroup = DCBEB16F1B78CC81009CAB73;
			productRefGroup = DCBEB1791B78CC81009CAB73 /* Products */;
			projectDirPath = "";
			projectRoot = "";
			targets = (
				DCBEB1771B78CC81009CAB73 /* SwiftCustomTableView */,
				DCBEB18C1B78CC82009CAB73 /* SwiftCustomTableViewTests */,
			);
		};
/* End PBXProject section */

/* Begin PBXResourcesBuildPhase section */
		DCBEB1761B78CC81009CAB73 /* Resources */ = {
			isa = PBXResourcesBuildPhase;
			buildActionMask = 2147483647;
			files = (
				DCBEB1831B78CC81009CAB73 /* Main.storyboard in Resources */,
				DCBEB1881B78CC81009CAB73 /* LaunchScreen.xib in Resources */,
				DCBEB1851B78CC81009CAB73 /* Images.xcassets in Resources */,
			);
			runOnlyForDeploymentPostprocessing = 0;
		};
		DCBEB18B1B78CC82009CAB73 /* Resources */ = {
			isa = PBXResourcesBuildPhase;
			buildActionMask = 2147483647;
			files = (
			);
			runOnlyForDeploymentPostprocessing = 0;
		};
/* End PBXResourcesBuildPhase section */

/* Begin PBXSourcesBuildPhase section */
		DCBEB1741B78CC81009CAB73 /* Sources */ = {
			isa = PBXSourcesBuildPhase;
			buildActionMask = 2147483647;
			files = (
				DCBEB1801B78CC81009CAB73 /* ViewController.swift in Sources */,
				DCBEB17E1B78CC81009CAB73 /* AppDelegate.swift in Sources */,
			);
			runOnlyForDeploymentPostprocessing = 0;
		};
		DCBEB1891B78CC82009CAB73 /* Sources */ = {
			isa = PBXSourcesBuildPhase;
			buildActionMask = 2147483647;
			files = (
				DCBEB1941B78CC82009CAB73 /* SwiftCustomTableViewTests.swift in Sources */,
			);
			runOnlyForDeploymentPostprocessing = 0;
		};
/* End PBXSourcesBuildPhase section */

/* Begin PBXTargetDependency section */
		DCBEB18F1B78CC82009CAB73 /* PBXTargetDependency */ = {
			isa = PBXTargetDependency;
			target = DCBEB1771B78CC81009CAB73 /* SwiftCustomTableView */;
			targetProxy = DCBEB18E1B78CC82009CAB73 /* PBXContainerItemProxy */;
		};
/* End PBXTargetDependency section */

/* Begin PBXVariantGroup section */
		DCBEB1811B78CC81009CAB73 /* Main.storyboard */ = {
			isa = PBXVariantGroup;
			children = (
				DCBEB1821B78CC81009CAB73 /* Base */,
			);
			name = Main.storyboard;
			sourceTree = "<group>";
		};
		DCBEB1861B78CC81009CAB73 /* LaunchScreen.xib */ = {
			isa = PBXVariantGroup;
			children = (
				DCBEB1871B78CC81009CAB73 /* Base */,
			);
			name = LaunchScreen.xib;
			sourceTree = "<group>";
		};
/* End PBXVariantGroup section */

/* Begin XCBuildConfiguration section */
		DCBEB1951B78CC82009CAB73 /* Debug */ = {
			isa = XCBuildConfiguration;
			buildSettings = {
				ALWAYS_SEARCH_USER_PATHS = NO;
				CLANG_CXX_LANGUAGE_STANDARD = "gnu++0x";
				CLANG_CXX_LIBRARY = "libc++";
				CLANG_ENABLE_MODULES = YES;
				CLANG_ENABLE_OBJC_ARC = YES;
				CLANG_WARN_BOOL_CONVERSION = YES;
				CLANG_WARN_CONSTANT_CONVERSION = YES;
				CLANG_WARN_DIRECT_OBJC_ISA_USAGE = YES_ERROR;
				CLANG_WARN_EMPTY_BODY = YES;
				CLANG_WARN_ENUM_CONVERSION = YES;
				CLANG_WARN_INT_CONVERSION = YES;
				CLANG_WARN_OBJC_ROOT_CLASS = YES_ERROR;
				CLANG_WARN_UNREACHABLE_CODE = YES;
				CLANG_WARN__DUPLICATE_METHOD_MATCH = YES;
				"CODE_SIGN_IDENTITY[sdk=iphoneos*]" = "iPhone Developer";
				COPY_PHASE_STRIP = NO;
				DEBUG_INFORMATION_FORMAT = "dwarf-with-dsym";
				ENABLE_STRICT_OBJC_MSGSEND = YES;
				GCC_C_LANGUAGE_STANDARD = gnu99;
				GCC_DYNAMIC_NO_PIC = NO;
				GCC_NO_COMMON_BLOCKS = YES;
				GCC_OPTIMIZATION_LEVEL = 0;
				GCC_PREPROCESSOR_DEFINITIONS = (
					"DEBUG=1",
					"$(inherited)",
				);
				GCC_SYMBOLS_PRIVATE_EXTERN = NO;
				GCC_WARN_64_TO_32_BIT_CONVERSION = YES;
				GCC_WARN_ABOUT_RETURN_TYPE = YES_ERROR;
				GCC_WARN_UNDECLARED_SELECTOR = YES;
				GCC_WARN_UNINITIALIZED_AUTOS = YES_AGGRESSIVE;
				GCC_WARN_UNUSED_FUNCTION = YES;
				GCC_WARN_UNUSED_VARIABLE = YES;
				IPHONEOS_DEPLOYMENT_TARGET = 8.4;
				MTL_ENABLE_DEBUG_INFO = YES;
				ONLY_ACTIVE_ARCH = YES;
				SDKROOT = iphoneos;
				SWIFT_OPTIMIZATION_LEVEL = "-Onone";
			};
			name = Debug;
		};
		DCBEB1961B78CC82009CAB73 /* Release */ = {
			isa = XCBuildConfiguration;
			buildSettings = {
				ALWAYS_SEARCH_USER_PATHS = NO;
				CLANG_CXX_LANGUAGE_STANDARD = "gnu++0x";
				CLANG_CXX_LIBRARY = "libc++";
				CLANG_ENABLE_MODULES = YES;
				CLANG_ENABLE_OBJC_ARC = YES;
				CLANG_WARN_BOOL_CONVERSION = YES;
				CLANG_WARN_CONSTANT_CONVERSION = YES;
				CLANG_WARN_DIRECT_OBJC_ISA_USAGE = YES_ERROR;
				CLANG_WARN_EMPTY_BODY = YES;
				CLANG_WARN_ENUM_CONVERSION = YES;
				CLANG_WARN_INT_CONVERSION = YES;
				CLANG_WARN_OBJC_ROOT_CLASS = YES_ERROR;
				CLANG_WARN_UNREACHABLE_CODE = YES;
				CLANG_WARN__DUPLICATE_METHOD_MATCH = YES;
				"CODE_SIGN_IDENTITY[sdk=iphoneos*]" = "iPhone Developer";
				COPY_PHASE_STRIP = NO;
				DEBUG_INFORMATION_FORMAT = "dwarf-with-dsym";
				ENABLE_NS_ASSERTIONS = NO;
				ENABLE_STRICT_OBJC_MSGSEND = YES;
				GCC_C_LANGUAGE_STANDARD = gnu99;
				GCC_NO_COMMON_BLOCKS = YES;
				GCC_WARN_64_TO_32_BIT_CONVERSION = YES;
				GCC_WARN_ABOUT_RETURN_TYPE = YES_ERROR;
				GCC_WARN_UNDECLARED_SELECTOR = YES;
				GCC_WARN_UNINITIALIZED_AUTOS = YES_AGGRESSIVE;
				GCC_WARN_UNUSED_FUNCTION = YES;
				GCC_WARN_UNUSED_VARIABLE = YES;
				IPHONEOS_DEPLOYMENT_TARGET = 8.4;
				MTL_ENABLE_DEBUG_INFO = NO;
				SDKROOT = iphoneos;
				VALIDATE_PRODUCT = YES;
			};
			name = Release;
		};
		DCBEB1981B78CC82009CAB73 /* Debug */ = {
			isa = XCBuildConfiguration;
			buildSettings = {
				ASSETCATALOG_COMPILER_APPICON_NAME = AppIcon;
				INFOPLIST_FILE = SwiftCustomTableView/Info.plist;
				LD_RUNPATH_SEARCH_PATHS = "$(inherited) @executable_path/Frameworks";
				PRODUCT_NAME = "$(TARGET_NAME)";
			};
			name = Debug;
		};
		DCBEB1991B78CC82009CAB73 /* Release */ = {
			isa = XCBuildConfiguration;
			buildSettings = {
				ASSETCATALOG_COMPILER_APPICON_NAME = AppIcon;
				INFOPLIST_FILE = SwiftCustomTableView/Info.plist;
				LD_RUNPATH_SEARCH_PATHS = "$(inherited) @executable_path/Frameworks";
				PRODUCT_NAME = "$(TARGET_NAME)";
			};
			name = Release;
		};
		DCBEB19B1B78CC82009CAB73 /* Debug */ = {
			isa = XCBuildConfiguration;
			buildSettings = {
				BUNDLE_LOADER = "$(TEST_HOST)";
				FRAMEWORK_SEARCH_PATHS = (
					"$(SDKROOT)/Developer/Library/Frameworks",
					"$(inherited)",
				);
				GCC_PREPROCESSOR_DEFINITIONS = (
					"DEBUG=1",
					"$(inherited)",
				);
				INFOPLIST_FILE = SwiftCustomTableViewTests/Info.plist;
				LD_RUNPATH_SEARCH_PATHS = "$(inherited) @executable_path/Frameworks @loader_path/Frameworks";
				PRODUCT_NAME = "$(TARGET_NAME)";
				TEST_HOST = "$(BUILT_PRODUCTS_DIR)/SwiftCustomTableView.app/SwiftCustomTableView";
			};
			name = Debug;
		};
		DCBEB19C1B78CC82009CAB73 /* Release */ = {
			isa = XCBuildConfiguration;
			buildSettings = {
				BUNDLE_LOADER = "$(TEST_HOST)";
				FRAMEWORK_SEARCH_PATHS = (
					"$(SDKROOT)/Developer/Library/Frameworks",
					"$(inherited)",
				);
				INFOPLIST_FILE = SwiftCustomTableViewTests/Info.plist;
				LD_RUNPATH_SEARCH_PATHS = "$(inherited) @executable_path/Frameworks @loader_path/Frameworks";
				PRODUCT_NAME = "$(TARGET_NAME)";
				TEST_HOST = "$(BUILT_PRODUCTS_DIR)/SwiftCustomTableView.app/SwiftCustomTableView";
			};
			name = Release;
		};
/* End XCBuildConfiguration section */

/* Begin XCConfigurationList section */
		DCBEB1731B78CC81009CAB73 /* Build configuration list for PBXProject "SwiftCustomTableView" */ = {
			isa = XCConfigurationList;
			buildConfigurations = (
				DCBEB1951B78CC82009CAB73 /* Debug */,
				DCBEB1961B78CC82009CAB73 /* Release */,
			);
			defaultConfigurationIsVisible = 0;
			defaultConfigurationName = Release;
		};
		DCBEB1971B78CC82009CAB73 /* Build configuration list for PBXNativeTarget "SwiftCustomTableView" */ = {
			isa = XCConfigurationList;
			buildConfigurations = (
				DCBEB1981B78CC82009CAB73 /* Debug */,
				DCBEB1991B78CC82009CAB73 /* Release */,
			);
			defaultConfigurationIsVisible = 0;
		};
		DCBEB19A1B78CC82009CAB73 /* Build configuration list for PBXNativeTarget "SwiftCustomTableViewTests" */ = {
			isa = XCConfigurationList;
			buildConfigurations = (
				DCBEB19B1B78CC82009CAB73 /* Debug */,
				DCBEB19C1B78CC82009CAB73 /* Release */,
			);
			defaultConfigurationIsVisible = 0;
		};
/* End XCConfigurationList section */
	};
	rootObject = DCBEB1701B78CC81009CAB73 /* Project object */;
}
